
Microsoft Visual Studio Solution File, Format Version 12.00
# Visual Studio Version 17
VisualStudioVersion = 17.6.33801.468
MinimumVisualStudioVersion = 10.0.40219.1
Project("{9A19103F-16F7-4668-BE54-9A1E7A4F7556}") = "FoodDeliveryNetwork.Web", "FoodDeliveryNetwork\FoodDeliveryNetwork.Web.csproj", "{492961A0-96F0-4DF6-833F-DFC0DB4ACC58}"
EndProject
Project("{9A19103F-16F7-4668-BE54-9A1E7A4F7556}") = "FoodDeliveryNetwork.Data", "FoodDeliveryNetwork.Data\FoodDeliveryNetwork.Data.csproj", "{F668EB16-1319-435A-B168-9682E80C0086}"
EndProject
Project("{9A19103F-16F7-4668-BE54-9A1E7A4F7556}") = "FoodDeliveryNetwork.Data.Models", "FoodDeliveryNetwork.Data.Models\FoodDeliveryNetwork.Data.Models.csproj", "{86408E1F-38C1-4E7C-8519-5F48865E4310}"
EndProject
Project("{9A19103F-16F7-4668-BE54-9A1E7A4F7556}") = "FoodDeliveryNetwork.Common", "FoodDeliveryNetwork.Common\FoodDeliveryNetwork.Common.csproj", "{E157A4E8-CC65-45DE-8C0D-AECE156FD8DB}"
EndProject
Project("{FAE04EC0-301F-11D3-BF4B-00C04F79EFBC}") = "FoodDeliveryNetwork.Services.Data", "FoodDeliveryNetwork.Services.Data\FoodDeliveryNetwork.Services.Data.csproj", "{A49CA555-3AC9-476C-A8ED-8EB5372CBA85}"
EndProject
Global
	GlobalSection(SolutionConfigurationPlatforms) = preSolution
		Debug|Any CPU = Debug|Any CPU
		Release|Any CPU = Release|Any CPU
	EndGlobalSection
	GlobalSection(ProjectConfigurationPlatforms) = postSolution
		{492961A0-96F0-4DF6-833F-DFC0DB4ACC58}.Debug|Any CPU.ActiveCfg = Debug|Any CPU
		{492961A0-96F0-4DF6-833F-DFC0DB4ACC58}.Debug|Any CPU.Build.0 = Debug|Any CPU
		{492961A0-96F0-4DF6-833F-DFC0DB4ACC58}.Release|Any CPU.ActiveCfg = Release|Any CPU
		{492961A0-96F0-4DF6-833F-DFC0DB4ACC58}.Release|Any CPU.Build.0 = Release|Any CPU
		{F668EB16-1319-435A-B168-9682E80C0086}.Debug|Any CPU.ActiveCfg = Debug|Any CPU
		{F668EB16-1319-435A-B168-9682E80C0086}.Debug|Any CPU.Build.0 = Debug|Any CPU
		{F668EB16-1319-435A-B168-9682E80C0086}.Release|Any CPU.ActiveCfg = Release|Any CPU
		{F668EB16-1319-435A-B168-9682E80C0086}.Release|Any CPU.Build.0 = Release|Any CPU
		{86408E1F-38C1-4E7C-8519-5F48865E4310}.Debug|Any CPU.ActiveCfg = Debug|Any CPU
		{86408E1F-38C1-4E7C-8519-5F48865E4310}.Debug|Any CPU.Build.0 = Debug|Any CPU
		{86408E1F-38C1-4E7C-8519-5F48865E4310}.Release|Any CPU.ActiveCfg = Release|Any CPU
		{86408E1F-38C1-4E7C-8519-5F48865E4310}.Release|Any CPU.Build.0 = Release|Any CPU
		{E157A4E8-CC65-45DE-8C0D-AECE156FD8DB}.Debug|Any CPU.ActiveCfg = Debug|Any CPU
		{E157A4E8-CC65-45DE-8C0D-AECE156FD8DB}.Debug|Any CPU.Build.0 = Debug|Any CPU
		{E157A4E8-CC65-45DE-8C0D-AECE156FD8DB}.Release|Any CPU.ActiveCfg = Release|Any CPU
		{E157A4E8-CC65-45DE-8C0D-AECE156FD8DB}.Release|Any CPU.Build.0 = Release|Any CPU
		{A49CA555-3AC9-476C-A8ED-8EB5372CBA85}.Debug|Any CPU.ActiveCfg = Debug|Any CPU
		{A49CA555-3AC9-476C-A8ED-8EB5372CBA85}.Debug|Any CPU.Build.0 = Debug|Any CPU
		{A49CA555-3AC9-476C-A8ED-8EB5372CBA85}.Release|Any CPU.ActiveCfg = Release|Any CPU
		{A49CA555-3AC9-476C-A8ED-8EB5372CBA85}.Release|Any CPU.Build.0 = Release|Any CPU
	EndGlobalSection
	GlobalSection(SolutionProperties) = preSolution
		HideSolutionNode = FALSE
	EndGlobalSection
	GlobalSection(ExtensibilityGlobals) = postSolution
		SolutionGuid = {D331C20D-6914-42E1-942C-260FF05DC4E2}
	EndGlobalSection
EndGlobal
